
Microsoft Visual Studio Solution File, Format Version 12.00
# Visual Studio Version 16
VisualStudioVersion = 16.0.30621.155
MinimumVisualStudioVersion = 10.0.40219.1
Project("{FAE04EC0-301F-11D3-BF4B-00C04F79EFBC}") = "PudelkoLibrary", "PudelkoLibrary\PudelkoLibrary.csproj", "{656B5936-B250-4DDB-B8C2-018F490B8892}"
EndProject
Project("{FAE04EC0-301F-11D3-BF4B-00C04F79EFBC}") = "PudelkoApp", "PudelkoApp\PudelkoApp.csproj", "{6D61DE29-A017-459D-B48B-5211CCE2A670}"
EndProject
Project("{FAE04EC0-301F-11D3-BF4B-00C04F79EFBC}") = "PudelkoTest", "PudelkoTest\PudelkoTest.csproj", "{4942282B-CB7A-40F3-8361-F5C997F55960}"
EndProject
Global
	GlobalSection(SolutionConfigurationPlatforms) = preSolution
		Debug|Any CPU = Debug|Any CPU
		Release|Any CPU = Release|Any CPU
	EndGlobalSection
	GlobalSection(ProjectConfigurationPlatforms) = postSolution
		{656B5936-B250-4DDB-B8C2-018F490B8892}.Debug|Any CPU.ActiveCfg = Debug|Any CPU
		{656B5936-B250-4DDB-B8C2-018F490B8892}.Debug|Any CPU.Build.0 = Debug|Any CPU
		{656B5936-B250-4DDB-B8C2-018F490B8892}.Release|Any CPU.ActiveCfg = Release|Any CPU
		{656B5936-B250-4DDB-B8C2-018F490B8892}.Release|Any CPU.Build.0 = Release|Any CPU
		{6D61DE29-A017-459D-B48B-5211CCE2A670}.Debug|Any CPU.ActiveCfg = Debug|Any CPU
		{6D61DE29-A017-459D-B48B-5211CCE2A670}.Debug|Any CPU.Build.0 = Debug|Any CPU
		{6D61DE29-A017-459D-B48B-5211CCE2A670}.Release|Any CPU.ActiveCfg = Release|Any CPU
		{6D61DE29-A017-459D-B48B-5211CCE2A670}.Release|Any CPU.Build.0 = Release|Any CPU
		{4942282B-CB7A-40F3-8361-F5C997F55960}.Debug|Any CPU.ActiveCfg = Debug|Any CPU
		{4942282B-CB7A-40F3-8361-F5C997F55960}.Debug|Any CPU.Build.0 = Debug|Any CPU
		{4942282B-CB7A-40F3-8361-F5C997F55960}.Release|Any CPU.ActiveCfg = Release|Any CPU
		{4942282B-CB7A-40F3-8361-F5C997F55960}.Release|Any CPU.Build.0 = Release|Any CPU
	EndGlobalSection
	GlobalSection(SolutionProperties) = preSolution
		HideSolutionNode = FALSE
	EndGlobalSection
	GlobalSection(ExtensibilityGlobals) = postSolution
		SolutionGuid = {F2D3C47E-01CC-4EAC-A843-6795FF5B8B6E}
	EndGlobalSection
EndGlobal
